
Microsoft Visual Studio Solution File, Format Version 12.00
# Visual Studio Version 17
VisualStudioVersion = 17.11.35208.52
MinimumVisualStudioVersion = 10.0.40219.1
Project("{FAE04EC0-301F-11D3-BF4B-00C04F79EFBC}") = "yagg-vhf", "yagg-vhf.csproj", "{B2A64160-630C-47BB-80A9-D41F1E4920A3}"
EndProject
Global
	GlobalSection(SolutionConfigurationPlatforms) = preSolution
		Debug|Any CPU = Debug|Any CPU
		Release|Any CPU = Release|Any CPU
	EndGlobalSection
	GlobalSection(ProjectConfigurationPlatforms) = postSolution
		{B2A64160-630C-47BB-80A9-D41F1E4920A3}.Debug|Any CPU.ActiveCfg = Debug|Any CPU
		{B2A64160-630C-47BB-80A9-D41F1E4920A3}.Debug|Any CPU.Build.0 = Debug|Any CPU
		{B2A64160-630C-47BB-80A9-D41F1E4920A3}.Release|Any CPU.ActiveCfg = Release|Any CPU
		{B2A64160-630C-47BB-80A9-D41F1E4920A3}.Release|Any CPU.Build.0 = Release|Any CPU
	EndGlobalSection
	GlobalSection(SolutionProperties) = preSolution
		HideSolutionNode = FALSE
	EndGlobalSection
	GlobalSection(ExtensibilityGlobals) = postSolution
		SolutionGuid = {BEC50EE3-9E1E-4EFE-B856-D9AF26549204}
	EndGlobalSection
EndGlobal
